# @generated - this file is auto-generated by `mise lock` https://mise.jdx.dev/dev-tools/mise-lock.html

lockfile_version = 1

[[tools.betterleaks]]
version = "1.8.1"
backend = "aqua:betterleaks/betterleaks"
specifiers = ["latest"]

[tools.betterleaks."platforms.linux-arm64"]
checksum = "sha256:bbb578b12a2f65d7082ab436abf37724232bc71d8a078e3c41336574420f1b48"
url = "https://github.com/betterleaks/betterleaks/releases/download/v1.8.1/betterleaks_1.8.1_linux_arm64.tar.gz"
url_api = "https://api.github.com/repos/betterleaks/betterleaks/releases/assets/519981771"
provenance = "cosign"

[tools.betterleaks."platforms.linux-arm64-musl"]
checksum = "sha256:bbb578b12a2f65d7082ab436abf37724232bc71d8a078e3c41336574420f1b48"
url = "https://github.com/betterleaks/betterleaks/releases/download/v1.8.1/betterleaks_1.8.1_linux_arm64.tar.gz"
url_api = "https://api.github.com/repos/betterleaks/betterleaks/releases/assets/519981771"
provenance = "cosign"

[tools.betterleaks."platforms.linux-x64"]
checksum = "sha256:efa407244e1ea8e35f582b8a42becdeac08bdead04f68eb752adda722d583c2a"
url = "https://github.com/betterleaks/betterleaks/releases/download/v1.8.1/betterleaks_1.8.1_linux_x64.tar.gz"
url_api = "https://api.github.com/repos/betterleaks/betterleaks/releases/assets/519981768"
provenance = "cosign"

[tools.betterleaks."platforms.linux-x64-musl"]
checksum = "sha256:efa407244e1ea8e35f582b8a42becdeac08bdead04f68eb752adda722d583c2a"
url = "https://github.com/betterleaks/betterleaks/releases/download/v1.8.1/betterleaks_1.8.1_linux_x64.tar.gz"
url_api = "https://api.github.com/repos/betterleaks/betterleaks/releases/assets/519981768"
provenance = "cosign"

[tools.betterleaks."platforms.macos-arm64"]
checksum = "sha256:8e80f33b5f2a7426b390347b9fd466033723cb94b6bdffa7572632e2eaec964e"
url = "https://github.com/betterleaks/betterleaks/releases/download/v1.8.1/betterleaks_1.8.1_darwin_arm64.tar.gz"
url_api = "https://api.github.com/repos/betterleaks/betterleaks/releases/assets/519981770"
provenance = "cosign"

[tools.betterleaks."platforms.macos-x64"]
checksum = "sha256:6abc37df76f881cffae406aa2cec72bea6e6ae64b4e771b3ed21b4aac472ed10"
url = "https://github.com/betterleaks/betterleaks/releases/download/v1.8.1/betterleaks_1.8.1_darwin_x64.tar.gz"
url_api = "https://api.github.com/repos/betterleaks/betterleaks/releases/assets/519981772"
provenance = "cosign"

[tools.betterleaks."platforms.windows-x64"]
checksum = "sha256:94310d028285a1bcce7f160bc19eb62f87de6460c95bfd4319151ef5b501ed3f"
url = "https://github.com/betterleaks/betterleaks/releases/download/v1.8.1/betterleaks_1.8.1_windows_x64.zip"
url_api = "https://api.github.com/repos/betterleaks/betterleaks/releases/assets/519981798"
provenance = "cosign"

[[tools.node]]
version = "24.21.0"
backend = "core:node"
specifiers = ["24"]

[tools.node."platforms.linux-arm64"]
checksum = "sha256:724282c3b43aec998aa9527380465b45d229e021b58035f5f4f63095eabfe5d5"
url = "https://nodejs.org/dist/v24.21.0/node-v24.21.0-linux-arm64.tar.gz"

[tools.node."platforms.linux-arm64-musl"]
checksum = "sha256:3048b0811e158ca0d8672b59c839861763e144492980d8d29b369dfee45747e4"
url = "https://unofficial-builds.nodejs.org/download/release/v24.21.0/node-v24.21.0-linux-arm64-musl.tar.gz"

[tools.node."platforms.linux-x64"]
checksum = "sha256:6e1db87ef58b8819e5d5402eff1536491b18edd8eb7bee5ef7897876e88dc5ff"
url = "https://nodejs.org/dist/v24.21.0/node-v24.21.0-linux-x64.tar.gz"

[tools.node."platforms.linux-x64-musl"]
checksum = "sha256:01a713e34da98e7b4d2a3191ee7ca3f93dd0384d1a2ef23c379b2161ee6e133a"
url = "https://unofficial-builds.nodejs.org/download/release/v24.21.0/node-v24.21.0-linux-x64-musl.tar.gz"

[tools.node."platforms.macos-arm64"]
checksum = "sha256:bed7eea5325e1108f32ce5228ddd6a5f0f08a499ee42aa7442aea583702f6057"
url = "https://nodejs.org/dist/v24.21.0/node-v24.21.0-darwin-arm64.tar.gz"

[tools.node."platforms.macos-x64"]
checksum = "sha256:1462cb3b3046b815cf8ea436d3da450ec1a9f11dac7e5a46b0ada5305d7e8097"
url = "https://nodejs.org/dist/v24.21.0/node-v24.21.0-darwin-x64.tar.gz"

[tools.node."platforms.windows-x64"]
checksum = "sha256:158f7685b44de51f6c0df1d153526cbcd3e1bc739a8dfc607721cef75de9e541"
url = "https://nodejs.org/dist/v24.21.0/node-v24.21.0-win-x64.zip"

[[tools."pipx:copier"]]
version = "9.18.2"
backend = "pipx:copier"
specifiers = ["latest"]

[[tools.prek]]
version = "0.5.2"
backend = "aqua:j178/prek"
specifiers = ["latest"]

[tools.prek."platforms.linux-arm64"]
checksum = "sha256:e9fb7d5e1ecab022c897ffdaa347a96a898c932584f03c8546c9965acb9d5a33"
url = "https://github.com/j178/prek/releases/download/v0.5.2/prek-aarch64-unknown-linux-gnu.tar.gz"
url_api = "https://api.github.com/repos/j178/prek/releases/assets/541547305"
provenance = "github-attestations"

[tools.prek."platforms.linux-arm64-musl"]
checksum = "sha256:ffc9334cdac13b2df716d391353d5e8307c06a08c135b844dabd3781c4c6518b"
url = "https://github.com/j178/prek/releases/download/v0.5.2/prek-aarch64-unknown-linux-musl.tar.gz"
url_api = "https://api.github.com/repos/j178/prek/releases/assets/541547315"
provenance = "github-attestations"

[tools.prek."platforms.linux-x64"]
checksum = "sha256:a4d51a463cb15ee2929368cc4884eec4ef33dce3ff5101b40e8ad7e1205b8f40"
url = "https://github.com/j178/prek/releases/download/v0.5.2/prek-x86_64-unknown-linux-gnu.tar.gz"
url_api = "https://api.github.com/repos/j178/prek/releases/assets/541547346"
provenance = "github-attestations"

[tools.prek."platforms.linux-x64-musl"]
checksum = "sha256:6b4f5c74a621d71f8dba09a9c0669f0d9488207805861c8a7d5f6b15201d4771"
url = "https://github.com/j178/prek/releases/download/v0.5.2/prek-x86_64-unknown-linux-musl.tar.gz"
url_api = "https://api.github.com/repos/j178/prek/releases/assets/541547355"
provenance = "github-attestations"

[tools.prek."platforms.macos-arm64"]
checksum = "sha256:f3ef7692f8873c36d9437c77389833d3165fbe705ea66e53e169d83a89055f9b"
url = "https://github.com/j178/prek/releases/download/v0.5.2/prek-aarch64-apple-darwin.tar.gz"
url_api = "https://api.github.com/repos/j178/prek/releases/assets/541547294"
provenance = "github-attestations"

[tools.prek."platforms.macos-x64"]
checksum = "sha256:5dfd123b8cf15f51dc8cbff6f12b674448b19a684ff1696db20f963ec2417e11"
url = "https://github.com/j178/prek/releases/download/v0.5.2/prek-x86_64-apple-darwin.tar.gz"
url_api = "https://api.github.com/repos/j178/prek/releases/assets/541547333"
provenance = "github-attestations"

[tools.prek."platforms.windows-x64"]
checksum = "sha256:03b6a7261d3a7e2d184ceca9c7e5fcb43b9dec83c8945976cddc3caa8b34b4c0"
url = "https://github.com/j178/prek/releases/download/v0.5.2/prek-x86_64-pc-windows-msvc.zip"
url_api = "https://api.github.com/repos/j178/prek/releases/assets/541547341"
provenance = "github-attestations"

[[tools.uv]]
version = "0.12.13"
backend = "aqua:astral-sh/uv"
specifiers = ["latest"]

[tools.uv."platforms.linux-arm64"]
checksum = "sha256:2eaa5d94f5db7b3a1a092156b9420459e42ab0217d917fe74a876309cef9b5e9"
url = "https://github.com/astral-sh/uv/releases/download/0.12.13/uv-aarch64-unknown-linux-gnu.tar.gz"
url_api = "https://api.github.com/repos/astral-sh/uv/releases/assets/555670186"
provenance = "github-attestations"

[tools.uv."platforms.linux-arm64-musl"]
checksum = "sha256:f44bc1037a17889fe562fffd2002d4ed108e499fbe68b4f022af244dc7b8244f"
url = "https://github.com/astral-sh/uv/releases/download/0.12.13/uv-aarch64-unknown-linux-musl.tar.gz"
url_api = "https://api.github.com/repos/astral-sh/uv/releases/assets/555670202"
provenance = "github-attestations"

[tools.uv."platforms.linux-x64"]
checksum = "sha256:745765a3b6e360ad76743599ae5c42e9278c7edf8bbff9fc76d05bf2623a04dd"
url = "https://github.com/astral-sh/uv/releases/download/0.12.13/uv-x86_64-unknown-linux-gnu.tar.gz"
url_api = "https://api.github.com/repos/astral-sh/uv/releases/assets/555670375"
provenance = "github-attestations"

[tools.uv."platforms.linux-x64-musl"]
checksum = "sha256:4e2bfd0c9007b1032a50e539e965fd0a6037d87ad93ae1580d220a92d4c94098"
url = "https://github.com/astral-sh/uv/releases/download/0.12.13/uv-x86_64-unknown-linux-musl.tar.gz"
url_api = "https://api.github.com/repos/astral-sh/uv/releases/assets/555670382"
provenance = "github-attestations"

[tools.uv."platforms.macos-arm64"]
checksum = "sha256:7e6ddb9316acc00f2296c82ff4d99977870ee34b2f0ddcae9444d714db9364ed"
url = "https://github.com/astral-sh/uv/releases/download/0.12.13/uv-aarch64-apple-darwin.tar.gz"
url_api = "https://api.github.com/repos/astral-sh/uv/releases/assets/555670160"
provenance = "github-attestations"

[tools.uv."platforms.macos-x64"]
checksum = "sha256:5e287ef61cb6a9b61b3a83fef124fd143e400468a7dac794230147a810e17119"
url = "https://github.com/astral-sh/uv/releases/download/0.12.13/uv-x86_64-apple-darwin.tar.gz"
url_api = "https://api.github.com/repos/astral-sh/uv/releases/assets/555670348"
provenance = "github-attestations"

[tools.uv."platforms.windows-x64"]
checksum = "sha256:a86c9dc7bad9b03f388583b7187c05fe9951c2e0d392217e8fd43d97787f6ec2"
url = "https://github.com/astral-sh/uv/releases/download/0.12.13/uv-x86_64-pc-windows-msvc.zip"
url_api = "https://api.github.com/repos/astral-sh/uv/releases/assets/555670362"
provenance = "github-attestations"
